{
  "name": "AgentId",
  "lockfileVersion": 3,
  "requires": true,
  "packages": {
    "": {
      "dependencies": {
        "@azure/msal-browser": "^5.13.0"
      }
    },
    "node_modules/@azure/msal-browser": {
      "version": "5.13.0",
      "resolved": "https://registry.npmjs.org/@azure/msal-browser/-/msal-browser-5.13.0.tgz",
      "integrity": "sha512-Ea23x0U8XNFY+qJ9T44zO2BbY+AHdb+WdjmYnx36OhJ/KO+PGU5pmsNHf1DCElYX+6wyVRJz1HFeCPC/cHbRug==",
      "license": "MIT",
      "dependencies": {
        "@azure/msal-common": "16.8.0"
      },
      "engines": {
        "node": ">=0.8.0"
      }
    },
    "node_modules/@azure/msal-common": {
      "version": "16.8.0",
      "resolved": "https://registry.npmjs.org/@azure/msal-common/-/msal-common-16.8.0.tgz",
      "integrity": "sha512-5S4RHOcInL2Nu2U217tDZbWGI6StMfcWCrA7TWvWdJmXQ+cYrrIqr84AsN62fGh2MDBysiBJPt6CfWceJfloEA==",
      "license": "MIT",
      "engines": {
        "node": ">=0.8.0"
      }
    }
  }
}
